{
  "version": 4,
  "terraform_version": "1.15.7",
  "serial": 13,
  "lineage": "e08583cd-1bba-7a79-0c0d-9f10e898641a",
  "outputs": {
    "public_ip_address": {
      "value": "4.224.41.17",
      "type": "string"
    },
    "resource_group_name": {
      "value": "retailiq-rg",
      "type": "string"
    },
    "ssh_connection": {
      "value": "ssh azureuser@4.224.41.17",
      "type": "string"
    },
    "subnet_name": {
      "value": "retailiq-subnet",
      "type": "string"
    },
    "virtual_machine_name": {
      "value": "retailiq-vm",
      "type": "string"
    },
    "virtual_network_name": {
      "value": "retailiq-vnet",
      "type": "string"
    }
  },
  "resources": [
    {
      "mode": "managed",
      "type": "azurerm_network_interface",
      "name": "retailiq",
      "provider": "provider[\"registry.terraform.io/hashicorp/azurerm\"]",
      "instances": [
        {
          "schema_version": 0,
          "attributes": {
            "accelerated_networking_enabled": false,
            "applied_dns_servers": [],
            "auxiliary_mode": "",
            "auxiliary_sku": "",
            "dns_servers": null,
            "edge_zone": "",
            "id": "/subscriptions/aa80a914-ec86-4b74-bca2-345231632bfa/resourceGroups/retailiq-rg/providers/Microsoft.Network/networkInterfaces/retailiq-nic",
            "internal_dns_name_label": "",
            "internal_domain_name_suffix": "akwdl1n4nzvudd2re3sl15xcte.rx.internal.cloudapp.net",
            "ip_configuration": [
              {
                "gateway_load_balancer_frontend_ip_configuration_id": "",
                "name": "internal",
                "primary": true,
                "private_ip_address": "10.0.1.4",
                "private_ip_address_allocation": "Dynamic",
                "private_ip_address_version": "IPv4",
                "public_ip_address_id": "/subscriptions/aa80a914-ec86-4b74-bca2-345231632bfa/resourceGroups/retailiq-rg/providers/Microsoft.Network/publicIPAddresses/retailiq-public-ip",
                "subnet_id": "/subscriptions/aa80a914-ec86-4b74-bca2-345231632bfa/resourceGroups/retailiq-rg/providers/Microsoft.Network/virtualNetworks/retailiq-vnet/subnets/retailiq-subnet"
              }
            ],
            "ip_forwarding_enabled": false,
            "location": "centralindia",
            "mac_address": "",
            "name": "retailiq-nic",
            "private_ip_address": "10.0.1.4",
            "private_ip_addresses": [
              "10.0.1.4"
            ],
            "resource_group_name": "retailiq-rg",
            "tags": {
              "Project": "RetailIQ"
            },
            "timeouts": null,
            "virtual_machine_id": ""
          },
          "sensitive_attributes": [],
          "identity_schema_version": 0,
          "identity": {
            "name": "retailiq-nic",
            "resource_group_name": "retailiq-rg",
            "subscription_id": "aa80a914-ec86-4b74-bca2-345231632bfa"
          },
          "private": "eyJlMmJmYjczMC1lY2FhLTExZTYtOGY4OC0zNDM2M2JjN2M0YzAiOnsiY3JlYXRlIjoxODAwMDAwMDAwMDAwLCJkZWxldGUiOjE4MDAwMDAwMDAwMDAsInJlYWQiOjMwMDAwMDAwMDAwMCwidXBkYXRlIjoxODAwMDAwMDAwMDAwfX0=",
          "dependencies": [
            "azurerm_public_ip.retailiq",
            "azurerm_resource_group.retailiq",
            "azurerm_subnet.retailiq",
            "azurerm_virtual_network.retailiq"
          ]
        }
      ]
    },
    {
      "mode": "managed",
      "type": "azurerm_network_interface_security_group_association",
      "name": "retailiq",
      "provider": "provider[\"registry.terraform.io/hashicorp/azurerm\"]",
      "instances": [
        {
          "schema_version": 0,
          "attributes": {
            "id": "/subscriptions/aa80a914-ec86-4b74-bca2-345231632bfa/resourceGroups/retailiq-rg/providers/Microsoft.Network/networkInterfaces/retailiq-nic|/subscriptions/aa80a914-ec86-4b74-bca2-345231632bfa/resourceGroups/retailiq-rg/providers/Microsoft.Network/networkSecurityGroups/retailiq-nsg",
            "network_interface_id": "/subscriptions/aa80a914-ec86-4b74-bca2-345231632bfa/resourceGroups/retailiq-rg/providers/Microsoft.Network/networkInterfaces/retailiq-nic",
            "network_security_group_id": "/subscriptions/aa80a914-ec86-4b74-bca2-345231632bfa/resourceGroups/retailiq-rg/providers/Microsoft.Network/networkSecurityGroups/retailiq-nsg",
            "timeouts": null
          },
          "sensitive_attributes": [],
          "identity_schema_version": 0,
          "private": "eyJlMmJmYjczMC1lY2FhLTExZTYtOGY4OC0zNDM2M2JjN2M0YzAiOnsiY3JlYXRlIjoxODAwMDAwMDAwMDAwLCJkZWxldGUiOjE4MDAwMDAwMDAwMDAsInJlYWQiOjMwMDAwMDAwMDAwMH19",
          "dependencies": [
            "azurerm_network_interface.retailiq",
            "azurerm_network_security_group.retailiq",
            "azurerm_public_ip.retailiq",
            "azurerm_resource_group.retailiq",
            "azurerm_subnet.retailiq",
            "azurerm_virtual_network.retailiq"
          ]
        }
      ]
    },
    {
      "mode": "managed",
      "type": "azurerm_network_security_group",
      "name": "retailiq",
      "provider": "provider[\"registry.terraform.io/hashicorp/azurerm\"]",
      "instances": [
        {
          "schema_version": 0,
          "attributes": {
            "id": "/subscriptions/aa80a914-ec86-4b74-bca2-345231632bfa/resourceGroups/retailiq-rg/providers/Microsoft.Network/networkSecurityGroups/retailiq-nsg",
            "location": "centralindia",
            "name": "retailiq-nsg",
            "resource_group_name": "retailiq-rg",
            "security_rule": [],
            "tags": {
              "Project": "RetailIQ"
            },
            "timeouts": null
          },
          "sensitive_attributes": [],
          "identity_schema_version": 0,
          "identity": {
            "name": "retailiq-nsg",
            "resource_group_name": "retailiq-rg",
            "subscription_id": "aa80a914-ec86-4b74-bca2-345231632bfa"
          },
          "private": "eyJlMmJmYjczMC1lY2FhLTExZTYtOGY4OC0zNDM2M2JjN2M0YzAiOnsiY3JlYXRlIjoxODAwMDAwMDAwMDAwLCJkZWxldGUiOjE4MDAwMDAwMDAwMDAsInJlYWQiOjMwMDAwMDAwMDAwMCwidXBkYXRlIjoxODAwMDAwMDAwMDAwfX0=",
          "dependencies": [
            "azurerm_resource_group.retailiq"
          ]
        }
      ]
    },
    {
      "mode": "managed",
      "type": "azurerm_network_security_rule",
      "name": "http",
      "provider": "provider[\"registry.terraform.io/hashicorp/azurerm\"]",
      "instances": [
        {
          "schema_version": 0,
          "attributes": {
            "access": "Allow",
            "description": "",
            "destination_address_prefix": "*",
            "destination_address_prefixes": null,
            "destination_application_security_group_ids": null,
            "destination_port_range": "80",
            "destination_port_ranges": null,
            "direction": "Inbound",
            "id": "/subscriptions/aa80a914-ec86-4b74-bca2-345231632bfa/resourceGroups/retailiq-rg/providers/Microsoft.Network/networkSecurityGroups/retailiq-nsg/securityRules/Allow-HTTP",
            "name": "Allow-HTTP",
            "network_security_group_name": "retailiq-nsg",
            "priority": 110,
            "protocol": "Tcp",
            "resource_group_name": "retailiq-rg",
            "source_address_prefix": "*",
            "source_address_prefixes": null,
            "source_application_security_group_ids": null,
            "source_port_range": "*",
            "source_port_ranges": null,
            "timeouts": null
          },
          "sensitive_attributes": [],
          "identity_schema_version": 0,
          "identity": {
            "name": "Allow-HTTP",
            "network_security_group_name": "retailiq-nsg",
            "resource_group_name": "retailiq-rg",
            "subscription_id": "aa80a914-ec86-4b74-bca2-345231632bfa"
          },
          "private": "eyJlMmJmYjczMC1lY2FhLTExZTYtOGY4OC0zNDM2M2JjN2M0YzAiOnsiY3JlYXRlIjoxODAwMDAwMDAwMDAwLCJkZWxldGUiOjE4MDAwMDAwMDAwMDAsInJlYWQiOjMwMDAwMDAwMDAwMCwidXBkYXRlIjoxODAwMDAwMDAwMDAwfX0=",
          "dependencies": [
            "azurerm_network_security_group.retailiq",
            "azurerm_resource_group.retailiq"
          ]
        }
      ]
    },
    {
      "mode": "managed",
      "type": "azurerm_network_security_rule",
      "name": "https",
      "provider": "provider[\"registry.terraform.io/hashicorp/azurerm\"]",
      "instances": [
        {
          "schema_version": 0,
          "attributes": {
            "access": "Allow",
            "description": "",
            "destination_address_prefix": "*",
            "destination_address_prefixes": null,
            "destination_application_security_group_ids": null,
            "destination_port_range": "443",
            "destination_port_ranges": null,
            "direction": "Inbound",
            "id": "/subscriptions/aa80a914-ec86-4b74-bca2-345231632bfa/resourceGroups/retailiq-rg/providers/Microsoft.Network/networkSecurityGroups/retailiq-nsg/securityRules/Allow-HTTPS",
            "name": "Allow-HTTPS",
            "network_security_group_name": "retailiq-nsg",
            "priority": 120,
            "protocol": "Tcp",
            "resource_group_name": "retailiq-rg",
            "source_address_prefix": "*",
            "source_address_prefixes": null,
            "source_application_security_group_ids": null,
            "source_port_range": "*",
            "source_port_ranges": null,
            "timeouts": null
          },
          "sensitive_attributes": [],
          "identity_schema_version": 0,
          "identity": {
            "name": "Allow-HTTPS",
            "network_security_group_name": "retailiq-nsg",
            "resource_group_name": "retailiq-rg",
            "subscription_id": "aa80a914-ec86-4b74-bca2-345231632bfa"
          },
          "private": "eyJlMmJmYjczMC1lY2FhLTExZTYtOGY4OC0zNDM2M2JjN2M0YzAiOnsiY3JlYXRlIjoxODAwMDAwMDAwMDAwLCJkZWxldGUiOjE4MDAwMDAwMDAwMDAsInJlYWQiOjMwMDAwMDAwMDAwMCwidXBkYXRlIjoxODAwMDAwMDAwMDAwfX0=",
          "dependencies": [
            "azurerm_network_security_group.retailiq",
            "azurerm_resource_group.retailiq"
          ]
        }
      ]
    },
    {
      "mode": "managed",
      "type": "azurerm_network_security_rule",
      "name": "jenkins",
      "provider": "provider[\"registry.terraform.io/hashicorp/azurerm\"]",
      "instances": [
        {
          "schema_version": 0,
          "attributes": {
            "access": "Allow",
            "description": "",
            "destination_address_prefix": "*",
            "destination_address_prefixes": null,
            "destination_application_security_group_ids": null,
            "destination_port_range": "8080",
            "destination_port_ranges": null,
            "direction": "Inbound",
            "id": "/subscriptions/aa80a914-ec86-4b74-bca2-345231632bfa/resourceGroups/retailiq-rg/providers/Microsoft.Network/networkSecurityGroups/retailiq-nsg/securityRules/Allow-Jenkins",
            "name": "Allow-Jenkins",
            "network_security_group_name": "retailiq-nsg",
            "priority": 130,
            "protocol": "Tcp",
            "resource_group_name": "retailiq-rg",
            "source_address_prefix": "*",
            "source_address_prefixes": null,
            "source_application_security_group_ids": null,
            "source_port_range": "*",
            "source_port_ranges": null,
            "timeouts": null
          },
          "sensitive_attributes": [],
          "identity_schema_version": 0,
          "identity": {
            "name": "Allow-Jenkins",
            "network_security_group_name": "retailiq-nsg",
            "resource_group_name": "retailiq-rg",
            "subscription_id": "aa80a914-ec86-4b74-bca2-345231632bfa"
          },
          "private": "eyJlMmJmYjczMC1lY2FhLTExZTYtOGY4OC0zNDM2M2JjN2M0YzAiOnsiY3JlYXRlIjoxODAwMDAwMDAwMDAwLCJkZWxldGUiOjE4MDAwMDAwMDAwMDAsInJlYWQiOjMwMDAwMDAwMDAwMCwidXBkYXRlIjoxODAwMDAwMDAwMDAwfX0=",
          "dependencies": [
            "azurerm_network_security_group.retailiq",
            "azurerm_resource_group.retailiq"
          ]
        }
      ]
    },
    {
      "mode": "managed",
      "type": "azurerm_network_security_rule",
      "name": "ssh",
      "provider": "provider[\"registry.terraform.io/hashicorp/azurerm\"]",
      "instances": [
        {
          "schema_version": 0,
          "attributes": {
            "access": "Allow",
            "description": "",
            "destination_address_prefix": "*",
            "destination_address_prefixes": null,
            "destination_application_security_group_ids": null,
            "destination_port_range": "22",
            "destination_port_ranges": null,
            "direction": "Inbound",
            "id": "/subscriptions/aa80a914-ec86-4b74-bca2-345231632bfa/resourceGroups/retailiq-rg/providers/Microsoft.Network/networkSecurityGroups/retailiq-nsg/securityRules/Allow-SSH",
            "name": "Allow-SSH",
            "network_security_group_name": "retailiq-nsg",
            "priority": 100,
            "protocol": "Tcp",
            "resource_group_name": "retailiq-rg",
            "source_address_prefix": "*",
            "source_address_prefixes": null,
            "source_application_security_group_ids": null,
            "source_port_range": "*",
            "source_port_ranges": null,
            "timeouts": null
          },
          "sensitive_attributes": [],
          "identity_schema_version": 0,
          "identity": {
            "name": "Allow-SSH",
            "network_security_group_name": "retailiq-nsg",
            "resource_group_name": "retailiq-rg",
            "subscription_id": "aa80a914-ec86-4b74-bca2-345231632bfa"
          },
          "private": "eyJlMmJmYjczMC1lY2FhLTExZTYtOGY4OC0zNDM2M2JjN2M0YzAiOnsiY3JlYXRlIjoxODAwMDAwMDAwMDAwLCJkZWxldGUiOjE4MDAwMDAwMDAwMDAsInJlYWQiOjMwMDAwMDAwMDAwMCwidXBkYXRlIjoxODAwMDAwMDAwMDAwfX0=",
          "dependencies": [
            "azurerm_network_security_group.retailiq",
            "azurerm_resource_group.retailiq"
          ]
        }
      ]
    },
    {
      "mode": "managed",
      "type": "azurerm_public_ip",
      "name": "retailiq",
      "provider": "provider[\"registry.terraform.io/hashicorp/azurerm\"]",
      "instances": [
        {
          "schema_version": 0,
          "attributes": {
            "allocation_method": "Static",
            "ddos_protection_mode": "VirtualNetworkInherited",
            "ddos_protection_plan_id": null,
            "domain_name_label": "",
            "domain_name_label_scope": "",
            "edge_zone": "",
            "fqdn": "",
            "id": "/subscriptions/aa80a914-ec86-4b74-bca2-345231632bfa/resourceGroups/retailiq-rg/providers/Microsoft.Network/publicIPAddresses/retailiq-public-ip",
            "idle_timeout_in_minutes": 4,
            "ip_address": "4.224.41.17",
            "ip_tags": null,
            "ip_version": "IPv4",
            "location": "centralindia",
            "name": "retailiq-public-ip",
            "public_ip_prefix_id": null,
            "resource_group_name": "retailiq-rg",
            "reverse_fqdn": "",
            "sku": "Standard",
            "sku_tier": "Regional",
            "tags": {
              "Project": "RetailIQ"
            },
            "timeouts": null,
            "zones": null
          },
          "sensitive_attributes": [],
          "identity_schema_version": 0,
          "identity": {
            "name": "retailiq-public-ip",
            "resource_group_name": "retailiq-rg",
            "subscription_id": "aa80a914-ec86-4b74-bca2-345231632bfa"
          },
          "private": "eyJlMmJmYjczMC1lY2FhLTExZTYtOGY4OC0zNDM2M2JjN2M0YzAiOnsiY3JlYXRlIjoxODAwMDAwMDAwMDAwLCJkZWxldGUiOjE4MDAwMDAwMDAwMDAsInJlYWQiOjMwMDAwMDAwMDAwMCwidXBkYXRlIjoxODAwMDAwMDAwMDAwfX0=",
          "dependencies": [
            "azurerm_resource_group.retailiq"
          ]
        }
      ]
    },
    {
      "mode": "managed",
      "type": "azurerm_resource_group",
      "name": "retailiq",
      "provider": "provider[\"registry.terraform.io/hashicorp/azurerm\"]",
      "instances": [
        {
          "schema_version": 0,
          "attributes": {
            "id": "/subscriptions/aa80a914-ec86-4b74-bca2-345231632bfa/resourceGroups/retailiq-rg",
            "location": "centralindia",
            "managed_by": "",
            "name": "retailiq-rg",
            "tags": {
              "Environment": "Development",
              "ManagedBy": "Terraform",
              "Project": "RetailIQ"
            },
            "timeouts": null
          },
          "sensitive_attributes": [],
          "identity_schema_version": 0,
          "identity": {
            "name": "retailiq-rg",
            "subscription_id": "aa80a914-ec86-4b74-bca2-345231632bfa"
          },
          "private": "eyJlMmJmYjczMC1lY2FhLTExZTYtOGY4OC0zNDM2M2JjN2M0YzAiOnsiY3JlYXRlIjo1NDAwMDAwMDAwMDAwLCJkZWxldGUiOjU0MDAwMDAwMDAwMDAsInJlYWQiOjMwMDAwMDAwMDAwMCwidXBkYXRlIjo1NDAwMDAwMDAwMDAwfX0="
        }
      ]
    },
    {
      "mode": "managed",
      "type": "azurerm_subnet",
      "name": "retailiq",
      "provider": "provider[\"registry.terraform.io/hashicorp/azurerm\"]",
      "instances": [
        {
          "schema_version": 0,
          "attributes": {
            "address_prefixes": [
              "10.0.1.0/24"
            ],
            "default_outbound_access_enabled": true,
            "delegation": [],
            "id": "/subscriptions/aa80a914-ec86-4b74-bca2-345231632bfa/resourceGroups/retailiq-rg/providers/Microsoft.Network/virtualNetworks/retailiq-vnet/subnets/retailiq-subnet",
            "ip_address_pool": [],
            "name": "retailiq-subnet",
            "private_endpoint_network_policies": "Disabled",
            "private_link_service_network_policies_enabled": true,
            "resource_group_name": "retailiq-rg",
            "service_endpoint_policy_ids": null,
            "service_endpoints": null,
            "sharing_scope": "",
            "timeouts": null,
            "virtual_network_name": "retailiq-vnet"
          },
          "sensitive_attributes": [],
          "identity_schema_version": 0,
          "identity": {
            "name": "retailiq-subnet",
            "resource_group_name": "retailiq-rg",
            "subscription_id": "aa80a914-ec86-4b74-bca2-345231632bfa",
            "virtual_network_name": "retailiq-vnet"
          },
          "private": "eyJlMmJmYjczMC1lY2FhLTExZTYtOGY4OC0zNDM2M2JjN2M0YzAiOnsiY3JlYXRlIjoxODAwMDAwMDAwMDAwLCJkZWxldGUiOjE4MDAwMDAwMDAwMDAsInJlYWQiOjMwMDAwMDAwMDAwMCwidXBkYXRlIjoxODAwMDAwMDAwMDAwfX0=",
          "dependencies": [
            "azurerm_resource_group.retailiq",
            "azurerm_virtual_network.retailiq"
          ]
        }
      ]
    },
    {
      "mode": "managed",
      "type": "azurerm_virtual_network",
      "name": "retailiq",
      "provider": "provider[\"registry.terraform.io/hashicorp/azurerm\"]",
      "instances": [
        {
          "schema_version": 0,
          "attributes": {
            "address_space": [
              "10.0.0.0/16"
            ],
            "bgp_community": "",
            "ddos_protection_plan": [],
            "dns_servers": [],
            "edge_zone": "",
            "encryption": [],
            "flow_timeout_in_minutes": 0,
            "guid": "ed35ac02-6ebe-416b-8f91-2764bdfee29c",
            "id": "/subscriptions/aa80a914-ec86-4b74-bca2-345231632bfa/resourceGroups/retailiq-rg/providers/Microsoft.Network/virtualNetworks/retailiq-vnet",
            "ip_address_pool": [],
            "location": "centralindia",
            "name": "retailiq-vnet",
            "private_endpoint_vnet_policies": "Disabled",
            "resource_group_name": "retailiq-rg",
            "subnet": [],
            "tags": {
              "Project": "RetailIQ"
            },
            "timeouts": null
          },
          "sensitive_attributes": [],
          "identity_schema_version": 0,
          "identity": {
            "name": "retailiq-vnet",
            "resource_group_name": "retailiq-rg",
            "subscription_id": "aa80a914-ec86-4b74-bca2-345231632bfa"
          },
          "private": "eyJlMmJmYjczMC1lY2FhLTExZTYtOGY4OC0zNDM2M2JjN2M0YzAiOnsiY3JlYXRlIjoxODAwMDAwMDAwMDAwLCJkZWxldGUiOjE4MDAwMDAwMDAwMDAsInJlYWQiOjMwMDAwMDAwMDAwMCwidXBkYXRlIjoxODAwMDAwMDAwMDAwfX0=",
          "dependencies": [
            "azurerm_resource_group.retailiq"
          ]
        }
      ]
    }
  ],
  "check_results": null
}
