{
  "version": 4,
  "terraform_version": "1.15.7",
  "serial": 17,
  "lineage": "e08583cd-1bba-7a79-0c0d-9f10e898641a",
  "outputs": {
    "public_ip_address": {
      "value": "4.224.41.17",
      "type": "string"
    },
    "resource_group_name": {
      "value": "retailiq-rg",
      "type": "string"
    },
    "ssh_connection": {
      "value": "ssh azureuser@4.224.41.17",
      "type": "string"
    },
    "subnet_name": {
      "value": "retailiq-subnet",
      "type": "string"
    },
    "virtual_machine_name": {
      "value": "retailiq-vm",
      "type": "string"
    },
    "virtual_network_name": {
      "value": "retailiq-vnet",
      "type": "string"
    }
  },
  "resources": [
    {
      "mode": "managed",
      "type": "azurerm_linux_virtual_machine",
      "name": "retailiq",
      "provider": "provider[\"registry.terraform.io/hashicorp/azurerm\"]",
      "instances": [
        {
          "schema_version": 0,
          "attributes": {
            "additional_capabilities": [],
            "admin_password": null,
            "admin_ssh_key": [
              {
                "public_key": "ssh-ed25519 AAAAC3NzaC1lZDI1NTE5AAAAILXUF/l0BpPjrDSetwpqdxpfV4dLh5/bwxhzpdNqiPGa tirthankarghosh36@Tirthankars-MacBook-Air.local\n",
                "username": "azureuser"
              }
            ],
            "admin_username": "azureuser",
            "allow_extension_operations": true,
            "availability_set_id": "",
            "boot_diagnostics": [],
            "bypass_platform_safety_checks_on_user_schedule_enabled": false,
            "capacity_reservation_group_id": "",
            "computer_name": "retailiq-vm",
            "custom_data": null,
            "dedicated_host_group_id": "",
            "dedicated_host_id": "",
            "disable_password_authentication": true,
            "disk_controller_type": "SCSI",
            "edge_zone": "",
            "encryption_at_host_enabled": false,
            "eviction_policy": "",
            "extensions_time_budget": "PT1H30M",
            "gallery_application": [],
            "id": "/subscriptions/aa80a914-ec86-4b74-bca2-345231632bfa/resourceGroups/retailiq-rg/providers/Microsoft.Compute/virtualMachines/retailiq-vm",
            "identity": [],
            "license_type": "",
            "location": "centralindia",
            "max_bid_price": -1,
            "name": "retailiq-vm",
            "network_interface_ids": [
              "/subscriptions/aa80a914-ec86-4b74-bca2-345231632bfa/resourceGroups/retailiq-rg/providers/Microsoft.Network/networkInterfaces/retailiq-nic"
            ],
            "os_disk": [
              {
                "caching": "ReadWrite",
                "diff_disk_settings": [],
                "disk_encryption_set_id": "",
                "disk_size_gb": 30,
                "id": "/subscriptions/aa80a914-ec86-4b74-bca2-345231632bfa/resourceGroups/retailiq-rg/providers/Microsoft.Compute/disks/retailiq-vm_OsDisk_1_39510c235cdc449c8276f255bb28aab8",
                "name": "retailiq-vm_OsDisk_1_39510c235cdc449c8276f255bb28aab8",
                "secure_vm_disk_encryption_set_id": "",
                "security_encryption_type": "",
                "storage_account_type": "Standard_LRS",
                "write_accelerator_enabled": false
              }
            ],
            "os_image_notification": [],
            "os_managed_disk_id": "/subscriptions/aa80a914-ec86-4b74-bca2-345231632bfa/resourceGroups/retailiq-rg/providers/Microsoft.Compute/disks/retailiq-vm_OsDisk_1_39510c235cdc449c8276f255bb28aab8",
            "patch_assessment_mode": "ImageDefault",
            "patch_mode": "ImageDefault",
            "plan": [],
            "platform_fault_domain": -1,
            "priority": "Regular",
            "private_ip_address": "10.0.1.4",
            "private_ip_addresses": [
              "10.0.1.4"
            ],
            "provision_vm_agent": true,
            "proximity_placement_group_id": "",
            "public_ip_address": "4.224.41.17",
            "public_ip_addresses": [
              "4.224.41.17"
            ],
            "reboot_setting": "",
            "resource_group_name": "retailiq-rg",
            "secret": [],
            "secure_boot_enabled": false,
            "size": "Standard_B2als_v2",
            "source_image_id": "",
            "source_image_reference": [
              {
                "offer": "ubuntu-24_04-lts",
                "publisher": "Canonical",
                "sku": "server",
                "version": "latest"
              }
            ],
            "tags": {
              "Environment": "Development",
              "ManagedBy": "Terraform",
              "Project": "RetailIQ"
            },
            "termination_notification": [],
            "timeouts": null,
            "user_data": "",
            "virtual_machine_id": "8efeb132-d867-4baa-8ac2-11454e188eb4",
            "virtual_machine_scale_set_id": "",
            "vm_agent_platform_updates_enabled": false,
            "vtpm_enabled": false,
            "zone": ""
          },
          "sensitive_attributes": [
            [
              {
                "type": "get_attr",
                "value": "admin_password"
              }
            ],
            [
              {
                "type": "get_attr",
                "value": "custom_data"
              }
            ]
          ],
          "identity_schema_version": 0,
          "private": "eyJlMmJmYjczMC1lY2FhLTExZTYtOGY4OC0zNDM2M2JjN2M0YzAiOnsiY3JlYXRlIjoyNzAwMDAwMDAwMDAwLCJkZWxldGUiOjI3MDAwMDAwMDAwMDAsInJlYWQiOjMwMDAwMDAwMDAwMCwidXBkYXRlIjoyNzAwMDAwMDAwMDAwfX0=",
          "dependencies": [
            "azurerm_network_interface.retailiq",
            "azurerm_public_ip.retailiq",
            "azurerm_resource_group.retailiq",
            "azurerm_subnet.retailiq",
            "azurerm_virtual_network.retailiq"
          ]
        }
      ]
    },
    {
      "mode": "managed",
      "type": "azurerm_network_interface",
      "name": "retailiq",
      "provider": "provider[\"registry.terraform.io/hashicorp/azurerm\"]",
      "instances": [
        {
          "schema_version": 0,
          "attributes": {
            "accelerated_networking_enabled": false,
            "applied_dns_servers": [],
            "auxiliary_mode": "",
            "auxiliary_sku": "",
            "dns_servers": [],
            "edge_zone": "",
            "id": "/subscriptions/aa80a914-ec86-4b74-bca2-345231632bfa/resourceGroups/retailiq-rg/providers/Microsoft.Network/networkInterfaces/retailiq-nic",
            "internal_dns_name_label": "",
            "internal_domain_name_suffix": "akwdl1n4nzvudd2re3sl15xcte.rx.internal.cloudapp.net",
            "ip_configuration": [
              {
                "gateway_load_balancer_frontend_ip_configuration_id": "",
                "name": "internal",
                "primary": true,
                "private_ip_address": "10.0.1.4",
                "private_ip_address_allocation": "Dynamic",
                "private_ip_address_version": "IPv4",
                "public_ip_address_id": "/subscriptions/aa80a914-ec86-4b74-bca2-345231632bfa/resourceGroups/retailiq-rg/providers/Microsoft.Network/publicIPAddresses/retailiq-public-ip",
                "subnet_id": "/subscriptions/aa80a914-ec86-4b74-bca2-345231632bfa/resourceGroups/retailiq-rg/providers/Microsoft.Network/virtualNetworks/retailiq-vnet/subnets/retailiq-subnet"
              }
            ],
            "ip_forwarding_enabled": false,
            "location": "centralindia",
            "mac_address": "7C-1E-52-3D-66-C7",
            "name": "retailiq-nic",
            "private_ip_address": "10.0.1.4",
            "private_ip_addresses": [
              "10.0.1.4"
            ],
            "resource_group_name": "retailiq-rg",
            "tags": {
              "Project": "RetailIQ"
            },
            "timeouts": null,
            "virtual_machine_id": "/subscriptions/aa80a914-ec86-4b74-bca2-345231632bfa/resourceGroups/retailiq-rg/providers/Microsoft.Compute/virtualMachines/retailiq-vm"
          },
          "sensitive_attributes": [],
          "identity_schema_version": 0,
          "identity": {
            "name": "retailiq-nic",
            "resource_group_name": "retailiq-rg",
            "subscription_id": "aa80a914-ec86-4b74-bca2-345231632bfa"
          },
          "private": "eyJlMmJmYjczMC1lY2FhLTExZTYtOGY4OC0zNDM2M2JjN2M0YzAiOnsiY3JlYXRlIjoxODAwMDAwMDAwMDAwLCJkZWxldGUiOjE4MDAwMDAwMDAwMDAsInJlYWQiOjMwMDAwMDAwMDAwMCwidXBkYXRlIjoxODAwMDAwMDAwMDAwfX0=",
          "dependencies": [
            "azurerm_public_ip.retailiq",
            "azurerm_resource_group.retailiq",
            "azurerm_subnet.retailiq",
            "azurerm_virtual_network.retailiq"
          ]
        }
      ]
    },
    {
      "mode": "managed",
      "type": "azurerm_network_interface_security_group_association",
      "name": "retailiq",
      "provider": "provider[\"registry.terraform.io/hashicorp/azurerm\"]",
      "instances": [
        {
          "schema_version": 0,
          "attributes": {
            "id": "/subscriptions/aa80a914-ec86-4b74-bca2-345231632bfa/resourceGroups/retailiq-rg/providers/Microsoft.Network/networkInterfaces/retailiq-nic|/subscriptions/aa80a914-ec86-4b74-bca2-345231632bfa/resourceGroups/retailiq-rg/providers/Microsoft.Network/networkSecurityGroups/retailiq-nsg",
            "network_interface_id": "/subscriptions/aa80a914-ec86-4b74-bca2-345231632bfa/resourceGroups/retailiq-rg/providers/Microsoft.Network/networkInterfaces/retailiq-nic",
            "network_security_group_id": "/subscriptions/aa80a914-ec86-4b74-bca2-345231632bfa/resourceGroups/retailiq-rg/providers/Microsoft.Network/networkSecurityGroups/retailiq-nsg",
            "timeouts": null
          },
          "sensitive_attributes": [],
          "identity_schema_version": 0,
          "private": "eyJlMmJmYjczMC1lY2FhLTExZTYtOGY4OC0zNDM2M2JjN2M0YzAiOnsiY3JlYXRlIjoxODAwMDAwMDAwMDAwLCJkZWxldGUiOjE4MDAwMDAwMDAwMDAsInJlYWQiOjMwMDAwMDAwMDAwMH19",
          "dependencies": [
            "azurerm_network_interface.retailiq",
            "azurerm_network_security_group.retailiq",
            "azurerm_public_ip.retailiq",
            "azurerm_resource_group.retailiq",
            "azurerm_subnet.retailiq",
            "azurerm_virtual_network.retailiq"
          ]
        }
      ]
    },
    {
      "mode": "managed",
      "type": "azurerm_network_security_group",
      "name": "retailiq",
      "provider": "provider[\"registry.terraform.io/hashicorp/azurerm\"]",
      "instances": [
        {
          "schema_version": 0,
          "attributes": {
            "id": "/subscriptions/aa80a914-ec86-4b74-bca2-345231632bfa/resourceGroups/retailiq-rg/providers/Microsoft.Network/networkSecurityGroups/retailiq-nsg",
            "location": "centralindia",
            "name": "retailiq-nsg",
            "resource_group_name": "retailiq-rg",
            "security_rule": [
              {
                "access": "Allow",
                "description": "",
                "destination_address_prefix": "*",
                "destination_address_prefixes": [],
                "destination_application_security_group_ids": [],
                "destination_port_range": "22",
                "destination_port_ranges": [],
                "direction": "Inbound",
                "name": "Allow-SSH",
                "priority": 100,
                "protocol": "Tcp",
                "source_address_prefix": "*",
                "source_address_prefixes": [],
                "source_application_security_group_ids": [],
                "source_port_range": "*",
                "source_port_ranges": []
              },
              {
                "access": "Allow",
                "description": "",
                "destination_address_prefix": "*",
                "destination_address_prefixes": [],
                "destination_application_security_group_ids": [],
                "destination_port_range": "443",
                "destination_port_ranges": [],
                "direction": "Inbound",
                "name": "Allow-HTTPS",
                "priority": 120,
                "protocol": "Tcp",
                "source_address_prefix": "*",
                "source_address_prefixes": [],
                "source_application_security_group_ids": [],
                "source_port_range": "*",
                "source_port_ranges": []
              },
              {
                "access": "Allow",
                "description": "",
                "destination_address_prefix": "*",
                "destination_address_prefixes": [],
                "destination_application_security_group_ids": [],
                "destination_port_range": "80",
                "destination_port_ranges": [],
                "direction": "Inbound",
                "name": "Allow-HTTP",
                "priority": 110,
                "protocol": "Tcp",
                "source_address_prefix": "*",
                "source_address_prefixes": [],
                "source_application_security_group_ids": [],
                "source_port_range": "*",
                "source_port_ranges": []
              },
              {
                "access": "Allow",
                "description": "",
                "destination_address_prefix": "*",
                "destination_address_prefixes": [],
                "destination_application_security_group_ids": [],
                "destination_port_range": "8080",
                "destination_port_ranges": [],
                "direction": "Inbound",
                "name": "Allow-Jenkins",
                "priority": 130,
                "protocol": "Tcp",
                "source_address_prefix": "*",
                "source_address_prefixes": [],
                "source_application_security_group_ids": [],
                "source_port_range": "*",
                "source_port_ranges": []
              }
            ],
            "tags": {
              "Project": "RetailIQ"
            },
            "timeouts": null
          },
          "sensitive_attributes": [],
          "identity_schema_version": 0,
          "identity": {
            "name": "retailiq-nsg",
            "resource_group_name": "retailiq-rg",
            "subscription_id": "aa80a914-ec86-4b74-bca2-345231632bfa"
          },
          "private": "eyJlMmJmYjczMC1lY2FhLTExZTYtOGY4OC0zNDM2M2JjN2M0YzAiOnsiY3JlYXRlIjoxODAwMDAwMDAwMDAwLCJkZWxldGUiOjE4MDAwMDAwMDAwMDAsInJlYWQiOjMwMDAwMDAwMDAwMCwidXBkYXRlIjoxODAwMDAwMDAwMDAwfX0=",
          "dependencies": [
            "azurerm_resource_group.retailiq"
          ]
        }
      ]
    },
    {
      "mode": "managed",
      "type": "azurerm_network_security_rule",
      "name": "http",
      "provider": "provider[\"registry.terraform.io/hashicorp/azurerm\"]",
      "instances": [
        {
          "schema_version": 0,
          "attributes": {
            "access": "Allow",
            "description": "",
            "destination_address_prefix": "*",
            "destination_address_prefixes": [],
            "destination_application_security_group_ids": [],
            "destination_port_range": "80",
            "destination_port_ranges": [],
            "direction": "Inbound",
            "id": "/subscriptions/aa80a914-ec86-4b74-bca2-345231632bfa/resourceGroups/retailiq-rg/providers/Microsoft.Network/networkSecurityGroups/retailiq-nsg/securityRules/Allow-HTTP",
            "name": "Allow-HTTP",
            "network_security_group_name": "retailiq-nsg",
            "priority": 110,
            "protocol": "Tcp",
            "resource_group_name": "retailiq-rg",
            "source_address_prefix": "*",
            "source_address_prefixes": [],
            "source_application_security_group_ids": [],
            "source_port_range": "*",
            "source_port_ranges": [],
            "timeouts": null
          },
          "sensitive_attributes": [],
          "identity_schema_version": 0,
          "identity": {
            "name": "Allow-HTTP",
            "network_security_group_name": "retailiq-nsg",
            "resource_group_name": "retailiq-rg",
            "subscription_id": "aa80a914-ec86-4b74-bca2-345231632bfa"
          },
          "private": "eyJlMmJmYjczMC1lY2FhLTExZTYtOGY4OC0zNDM2M2JjN2M0YzAiOnsiY3JlYXRlIjoxODAwMDAwMDAwMDAwLCJkZWxldGUiOjE4MDAwMDAwMDAwMDAsInJlYWQiOjMwMDAwMDAwMDAwMCwidXBkYXRlIjoxODAwMDAwMDAwMDAwfX0=",
          "dependencies": [
            "azurerm_network_security_group.retailiq",
            "azurerm_resource_group.retailiq"
          ]
        }
      ]
    },
    {
      "mode": "managed",
      "type": "azurerm_network_security_rule",
      "name": "https",
      "provider": "provider[\"registry.terraform.io/hashicorp/azurerm\"]",
      "instances": [
        {
          "schema_version": 0,
          "attributes": {
            "access": "Allow",
            "description": "",
            "destination_address_prefix": "*",
            "destination_address_prefixes": [],
            "destination_application_security_group_ids": [],
            "destination_port_range": "443",
            "destination_port_ranges": [],
            "direction": "Inbound",
            "id": "/subscriptions/aa80a914-ec86-4b74-bca2-345231632bfa/resourceGroups/retailiq-rg/providers/Microsoft.Network/networkSecurityGroups/retailiq-nsg/securityRules/Allow-HTTPS",
            "name": "Allow-HTTPS",
            "network_security_group_name": "retailiq-nsg",
            "priority": 120,
            "protocol": "Tcp",
            "resource_group_name": "retailiq-rg",
            "source_address_prefix": "*",
            "source_address_prefixes": [],
            "source_application_security_group_ids": [],
            "source_port_range": "*",
            "source_port_ranges": [],
            "timeouts": null
          },
          "sensitive_attributes": [],
          "identity_schema_version": 0,
          "identity": {
            "name": "Allow-HTTPS",
            "network_security_group_name": "retailiq-nsg",
            "resource_group_name": "retailiq-rg",
            "subscription_id": "aa80a914-ec86-4b74-bca2-345231632bfa"
          },
          "private": "eyJlMmJmYjczMC1lY2FhLTExZTYtOGY4OC0zNDM2M2JjN2M0YzAiOnsiY3JlYXRlIjoxODAwMDAwMDAwMDAwLCJkZWxldGUiOjE4MDAwMDAwMDAwMDAsInJlYWQiOjMwMDAwMDAwMDAwMCwidXBkYXRlIjoxODAwMDAwMDAwMDAwfX0=",
          "dependencies": [
            "azurerm_network_security_group.retailiq",
            "azurerm_resource_group.retailiq"
          ]
        }
      ]
    },
    {
      "mode": "managed",
      "type": "azurerm_network_security_rule",
      "name": "jenkins",
      "provider": "provider[\"registry.terraform.io/hashicorp/azurerm\"]",
      "instances": [
        {
          "schema_version": 0,
          "attributes": {
            "access": "Allow",
            "description": "",
            "destination_address_prefix": "*",
            "destination_address_prefixes": [],
            "destination_application_security_group_ids": [],
            "destination_port_range": "8080",
            "destination_port_ranges": [],
            "direction": "Inbound",
            "id": "/subscriptions/aa80a914-ec86-4b74-bca2-345231632bfa/resourceGroups/retailiq-rg/providers/Microsoft.Network/networkSecurityGroups/retailiq-nsg/securityRules/Allow-Jenkins",
            "name": "Allow-Jenkins",
            "network_security_group_name": "retailiq-nsg",
            "priority": 130,
            "protocol": "Tcp",
            "resource_group_name": "retailiq-rg",
            "source_address_prefix": "*",
            "source_address_prefixes": [],
            "source_application_security_group_ids": [],
            "source_port_range": "*",
            "source_port_ranges": [],
            "timeouts": null
          },
          "sensitive_attributes": [],
          "identity_schema_version": 0,
          "identity": {
            "name": "Allow-Jenkins",
            "network_security_group_name": "retailiq-nsg",
            "resource_group_name": "retailiq-rg",
            "subscription_id": "aa80a914-ec86-4b74-bca2-345231632bfa"
          },
          "private": "eyJlMmJmYjczMC1lY2FhLTExZTYtOGY4OC0zNDM2M2JjN2M0YzAiOnsiY3JlYXRlIjoxODAwMDAwMDAwMDAwLCJkZWxldGUiOjE4MDAwMDAwMDAwMDAsInJlYWQiOjMwMDAwMDAwMDAwMCwidXBkYXRlIjoxODAwMDAwMDAwMDAwfX0=",
          "dependencies": [
            "azurerm_network_security_group.retailiq",
            "azurerm_resource_group.retailiq"
          ]
        }
      ]
    },
    {
      "mode": "managed",
      "type": "azurerm_network_security_rule",
      "name": "nodeport",
      "provider": "provider[\"registry.terraform.io/hashicorp/azurerm\"]",
      "instances": [
        {
          "schema_version": 0,
          "attributes": {
            "access": "Allow",
            "description": "",
            "destination_address_prefix": "*",
            "destination_address_prefixes": null,
            "destination_application_security_group_ids": null,
            "destination_port_range": "30080",
            "destination_port_ranges": null,
            "direction": "Inbound",
            "id": "/subscriptions/aa80a914-ec86-4b74-bca2-345231632bfa/resourceGroups/retailiq-rg/providers/Microsoft.Network/networkSecurityGroups/retailiq-nsg/securityRules/Allow-NodePort",
            "name": "Allow-NodePort",
            "network_security_group_name": "retailiq-nsg",
            "priority": 140,
            "protocol": "Tcp",
            "resource_group_name": "retailiq-rg",
            "source_address_prefix": "*",
            "source_address_prefixes": null,
            "source_application_security_group_ids": null,
            "source_port_range": "*",
            "source_port_ranges": null,
            "timeouts": null
          },
          "sensitive_attributes": [],
          "identity_schema_version": 0,
          "identity": {
            "name": "Allow-NodePort",
            "network_security_group_name": "retailiq-nsg",
            "resource_group_name": "retailiq-rg",
            "subscription_id": "aa80a914-ec86-4b74-bca2-345231632bfa"
          },
          "private": "eyJlMmJmYjczMC1lY2FhLTExZTYtOGY4OC0zNDM2M2JjN2M0YzAiOnsiY3JlYXRlIjoxODAwMDAwMDAwMDAwLCJkZWxldGUiOjE4MDAwMDAwMDAwMDAsInJlYWQiOjMwMDAwMDAwMDAwMCwidXBkYXRlIjoxODAwMDAwMDAwMDAwfX0=",
          "dependencies": [
            "azurerm_network_security_group.retailiq",
            "azurerm_resource_group.retailiq"
          ]
        }
      ]
    },
    {
      "mode": "managed",
      "type": "azurerm_network_security_rule",
      "name": "ssh",
      "provider": "provider[\"registry.terraform.io/hashicorp/azurerm\"]",
      "instances": [
        {
          "schema_version": 0,
          "attributes": {
            "access": "Allow",
            "description": "",
            "destination_address_prefix": "*",
            "destination_address_prefixes": [],
            "destination_application_security_group_ids": [],
            "destination_port_range": "22",
            "destination_port_ranges": [],
            "direction": "Inbound",
            "id": "/subscriptions/aa80a914-ec86-4b74-bca2-345231632bfa/resourceGroups/retailiq-rg/providers/Microsoft.Network/networkSecurityGroups/retailiq-nsg/securityRules/Allow-SSH",
            "name": "Allow-SSH",
            "network_security_group_name": "retailiq-nsg",
            "priority": 100,
            "protocol": "Tcp",
            "resource_group_name": "retailiq-rg",
            "source_address_prefix": "*",
            "source_address_prefixes": [],
            "source_application_security_group_ids": [],
            "source_port_range": "*",
            "source_port_ranges": [],
            "timeouts": null
          },
          "sensitive_attributes": [],
          "identity_schema_version": 0,
          "identity": {
            "name": "Allow-SSH",
            "network_security_group_name": "retailiq-nsg",
            "resource_group_name": "retailiq-rg",
            "subscription_id": "aa80a914-ec86-4b74-bca2-345231632bfa"
          },
          "private": "eyJlMmJmYjczMC1lY2FhLTExZTYtOGY4OC0zNDM2M2JjN2M0YzAiOnsiY3JlYXRlIjoxODAwMDAwMDAwMDAwLCJkZWxldGUiOjE4MDAwMDAwMDAwMDAsInJlYWQiOjMwMDAwMDAwMDAwMCwidXBkYXRlIjoxODAwMDAwMDAwMDAwfX0=",
          "dependencies": [
            "azurerm_network_security_group.retailiq",
            "azurerm_resource_group.retailiq"
          ]
        }
      ]
    },
    {
      "mode": "managed",
      "type": "azurerm_public_ip",
      "name": "retailiq",
      "provider": "provider[\"registry.terraform.io/hashicorp/azurerm\"]",
      "instances": [
        {
          "schema_version": 0,
          "attributes": {
            "allocation_method": "Static",
            "ddos_protection_mode": "VirtualNetworkInherited",
            "ddos_protection_plan_id": null,
            "domain_name_label": "",
            "domain_name_label_scope": "",
            "edge_zone": "",
            "fqdn": "",
            "id": "/subscriptions/aa80a914-ec86-4b74-bca2-345231632bfa/resourceGroups/retailiq-rg/providers/Microsoft.Network/publicIPAddresses/retailiq-public-ip",
            "idle_timeout_in_minutes": 4,
            "ip_address": "4.224.41.17",
            "ip_tags": {},
            "ip_version": "IPv4",
            "location": "centralindia",
            "name": "retailiq-public-ip",
            "public_ip_prefix_id": null,
            "resource_group_name": "retailiq-rg",
            "reverse_fqdn": "",
            "sku": "Standard",
            "sku_tier": "Regional",
            "tags": {
              "Project": "RetailIQ"
            },
            "timeouts": null,
            "zones": []
          },
          "sensitive_attributes": [],
          "identity_schema_version": 0,
          "identity": {
            "name": "retailiq-public-ip",
            "resource_group_name": "retailiq-rg",
            "subscription_id": "aa80a914-ec86-4b74-bca2-345231632bfa"
          },
          "private": "eyJlMmJmYjczMC1lY2FhLTExZTYtOGY4OC0zNDM2M2JjN2M0YzAiOnsiY3JlYXRlIjoxODAwMDAwMDAwMDAwLCJkZWxldGUiOjE4MDAwMDAwMDAwMDAsInJlYWQiOjMwMDAwMDAwMDAwMCwidXBkYXRlIjoxODAwMDAwMDAwMDAwfX0=",
          "dependencies": [
            "azurerm_resource_group.retailiq"
          ]
        }
      ]
    },
    {
      "mode": "managed",
      "type": "azurerm_resource_group",
      "name": "retailiq",
      "provider": "provider[\"registry.terraform.io/hashicorp/azurerm\"]",
      "instances": [
        {
          "schema_version": 0,
          "attributes": {
            "id": "/subscriptions/aa80a914-ec86-4b74-bca2-345231632bfa/resourceGroups/retailiq-rg",
            "location": "centralindia",
            "managed_by": "",
            "name": "retailiq-rg",
            "tags": {
              "Environment": "Development",
              "ManagedBy": "Terraform",
              "Project": "RetailIQ"
            },
            "timeouts": null
          },
          "sensitive_attributes": [],
          "identity_schema_version": 0,
          "identity": {
            "name": "retailiq-rg",
            "subscription_id": "aa80a914-ec86-4b74-bca2-345231632bfa"
          },
          "private": "eyJlMmJmYjczMC1lY2FhLTExZTYtOGY4OC0zNDM2M2JjN2M0YzAiOnsiY3JlYXRlIjo1NDAwMDAwMDAwMDAwLCJkZWxldGUiOjU0MDAwMDAwMDAwMDAsInJlYWQiOjMwMDAwMDAwMDAwMCwidXBkYXRlIjo1NDAwMDAwMDAwMDAwfX0="
        }
      ]
    },
    {
      "mode": "managed",
      "type": "azurerm_subnet",
      "name": "retailiq",
      "provider": "provider[\"registry.terraform.io/hashicorp/azurerm\"]",
      "instances": [
        {
          "schema_version": 0,
          "attributes": {
            "address_prefixes": [
              "10.0.1.0/24"
            ],
            "default_outbound_access_enabled": true,
            "delegation": [],
            "id": "/subscriptions/aa80a914-ec86-4b74-bca2-345231632bfa/resourceGroups/retailiq-rg/providers/Microsoft.Network/virtualNetworks/retailiq-vnet/subnets/retailiq-subnet",
            "ip_address_pool": [],
            "name": "retailiq-subnet",
            "private_endpoint_network_policies": "Disabled",
            "private_link_service_network_policies_enabled": true,
            "resource_group_name": "retailiq-rg",
            "service_endpoint_policy_ids": [],
            "service_endpoints": [],
            "sharing_scope": "",
            "timeouts": null,
            "virtual_network_name": "retailiq-vnet"
          },
          "sensitive_attributes": [],
          "identity_schema_version": 0,
          "identity": {
            "name": "retailiq-subnet",
            "resource_group_name": "retailiq-rg",
            "subscription_id": "aa80a914-ec86-4b74-bca2-345231632bfa",
            "virtual_network_name": "retailiq-vnet"
          },
          "private": "eyJlMmJmYjczMC1lY2FhLTExZTYtOGY4OC0zNDM2M2JjN2M0YzAiOnsiY3JlYXRlIjoxODAwMDAwMDAwMDAwLCJkZWxldGUiOjE4MDAwMDAwMDAwMDAsInJlYWQiOjMwMDAwMDAwMDAwMCwidXBkYXRlIjoxODAwMDAwMDAwMDAwfX0=",
          "dependencies": [
            "azurerm_resource_group.retailiq",
            "azurerm_virtual_network.retailiq"
          ]
        }
      ]
    },
    {
      "mode": "managed",
      "type": "azurerm_virtual_network",
      "name": "retailiq",
      "provider": "provider[\"registry.terraform.io/hashicorp/azurerm\"]",
      "instances": [
        {
          "schema_version": 0,
          "attributes": {
            "address_space": [
              "10.0.0.0/16"
            ],
            "bgp_community": "",
            "ddos_protection_plan": [],
            "dns_servers": [],
            "edge_zone": "",
            "encryption": [],
            "flow_timeout_in_minutes": 0,
            "guid": "ed35ac02-6ebe-416b-8f91-2764bdfee29c",
            "id": "/subscriptions/aa80a914-ec86-4b74-bca2-345231632bfa/resourceGroups/retailiq-rg/providers/Microsoft.Network/virtualNetworks/retailiq-vnet",
            "ip_address_pool": [],
            "location": "centralindia",
            "name": "retailiq-vnet",
            "private_endpoint_vnet_policies": "Disabled",
            "resource_group_name": "retailiq-rg",
            "subnet": [
              {
                "address_prefixes": [
                  "10.0.1.0/24"
                ],
                "default_outbound_access_enabled": true,
                "delegation": [],
                "id": "/subscriptions/aa80a914-ec86-4b74-bca2-345231632bfa/resourceGroups/retailiq-rg/providers/Microsoft.Network/virtualNetworks/retailiq-vnet/subnets/retailiq-subnet",
                "name": "retailiq-subnet",
                "private_endpoint_network_policies": "Disabled",
                "private_link_service_network_policies_enabled": true,
                "route_table_id": "",
                "security_group": "",
                "service_endpoint_policy_ids": [],
                "service_endpoints": []
              }
            ],
            "tags": {
              "Project": "RetailIQ"
            },
            "timeouts": null
          },
          "sensitive_attributes": [],
          "identity_schema_version": 0,
          "identity": {
            "name": "retailiq-vnet",
            "resource_group_name": "retailiq-rg",
            "subscription_id": "aa80a914-ec86-4b74-bca2-345231632bfa"
          },
          "private": "eyJlMmJmYjczMC1lY2FhLTExZTYtOGY4OC0zNDM2M2JjN2M0YzAiOnsiY3JlYXRlIjoxODAwMDAwMDAwMDAwLCJkZWxldGUiOjE4MDAwMDAwMDAwMDAsInJlYWQiOjMwMDAwMDAwMDAwMCwidXBkYXRlIjoxODAwMDAwMDAwMDAwfX0=",
          "dependencies": [
            "azurerm_resource_group.retailiq"
          ]
        }
      ]
    }
  ],
  "check_results": null
}
