{
  "version": 4,
  "terraform_version": "1.15.7",
  "serial": 7,
  "lineage": "3ecf9fe8-90ac-6316-8458-20a194585f70",
  "outputs": {
    "backend_uploads_volume": {
      "value": "retailiq-backend-upload-data",
      "type": "string"
    },
    "grafana_volume": {
      "value": "retailiq-grafana-data",
      "type": "string"
    },
    "network_name": {
      "value": "retailiq-network",
      "type": "string"
    },
    "postgres_volume": {
      "value": "retailiq-postgres-data",
      "type": "string"
    },
    "redis_volume": {
      "value": "retailiq-redis-data",
      "type": "string"
    }
  },
  "resources": [
    {
      "mode": "managed",
      "type": "docker_network",
      "name": "retailiq_network",
      "provider": "provider[\"registry.terraform.io/kreuzwerker/docker\"]",
      "instances": [
        {
          "schema_version": 1,
          "attributes": {
            "attachable": false,
            "check_duplicate": null,
            "driver": "bridge",
            "id": "305e08b2b8b879c859f7add96dbc40e6ac4999b845b6480cbc6011da4f7079f2",
            "ingress": false,
            "internal": false,
            "ipam_config": [
              {
                "aux_address": {},
                "gateway": "172.19.0.1",
                "ip_range": "",
                "subnet": "172.19.0.0/16"
              }
            ],
            "ipam_driver": "default",
            "ipam_options": {},
            "ipv6": false,
            "labels": [],
            "name": "retailiq-network",
            "options": {
              "com.docker.network.enable_ipv4": "true"
            },
            "scope": "local"
          },
          "sensitive_attributes": [],
          "identity_schema_version": 0,
          "private": "eyJzY2hlbWFfdmVyc2lvbiI6IjEifQ=="
        }
      ]
    },
    {
      "mode": "managed",
      "type": "docker_volume",
      "name": "backend_uploads",
      "provider": "provider[\"registry.terraform.io/kreuzwerker/docker\"]",
      "instances": [
        {
          "schema_version": 1,
          "attributes": {
            "driver": "local",
            "driver_opts": null,
            "id": "retailiq-backend-upload-data",
            "labels": [],
            "mountpoint": "/var/lib/docker/volumes/retailiq-backend-upload-data/_data",
            "name": "retailiq-backend-upload-data"
          },
          "sensitive_attributes": [],
          "identity_schema_version": 0,
          "private": "eyJzY2hlbWFfdmVyc2lvbiI6IjEifQ=="
        }
      ]
    },
    {
      "mode": "managed",
      "type": "docker_volume",
      "name": "grafana_data",
      "provider": "provider[\"registry.terraform.io/kreuzwerker/docker\"]",
      "instances": [
        {
          "schema_version": 1,
          "attributes": {
            "driver": "local",
            "driver_opts": {},
            "id": "retailiq-grafana-data",
            "labels": [],
            "mountpoint": "/var/lib/docker/volumes/retailiq-grafana-data/_data",
            "name": "retailiq-grafana-data"
          },
          "sensitive_attributes": [],
          "identity_schema_version": 0,
          "private": "eyJzY2hlbWFfdmVyc2lvbiI6IjEifQ=="
        }
      ]
    },
    {
      "mode": "managed",
      "type": "docker_volume",
      "name": "postgres_data",
      "provider": "provider[\"registry.terraform.io/kreuzwerker/docker\"]",
      "instances": [
        {
          "schema_version": 1,
          "attributes": {
            "driver": "local",
            "driver_opts": {},
            "id": "retailiq-postgres-data",
            "labels": [],
            "mountpoint": "/var/lib/docker/volumes/retailiq-postgres-data/_data",
            "name": "retailiq-postgres-data"
          },
          "sensitive_attributes": [],
          "identity_schema_version": 0,
          "private": "eyJzY2hlbWFfdmVyc2lvbiI6IjEifQ=="
        }
      ]
    },
    {
      "mode": "managed",
      "type": "docker_volume",
      "name": "redis_data",
      "provider": "provider[\"registry.terraform.io/kreuzwerker/docker\"]",
      "instances": [
        {
          "schema_version": 1,
          "attributes": {
            "driver": "local",
            "driver_opts": {},
            "id": "retailiq-redis-data",
            "labels": [],
            "mountpoint": "/var/lib/docker/volumes/retailiq-redis-data/_data",
            "name": "retailiq-redis-data"
          },
          "sensitive_attributes": [],
          "identity_schema_version": 0,
          "private": "eyJzY2hlbWFfdmVyc2lvbiI6IjEifQ=="
        }
      ]
    }
  ],
  "check_results": null
}
